{
  "name": "workers-firebase",
  "version": "0.1.5",
  "lockfileVersion": 2,
  "requires": true,
  "packages": {
    "": {
      "name": "workers-firebase",
      "version": "0.1.5",
      "dependencies": {
        "@tsndr/cloudflare-worker-jwt": "^2.5.3",
        "crypto-id": "^0.2.3"
      },
      "devDependencies": {
        "@cloudflare/workers-types": "^4.20240512.0",
        "typescript": "^5.4.5"
      }
    },
    "node_modules/@cloudflare/workers-types": {
      "version": "4.20240512.0",
      "resolved": "https://registry.npmjs.org/@cloudflare/workers-types/-/workers-types-4.20240512.0.tgz",
      "integrity": "sha512-o2yTEWg+YK/I1t/Me+dA0oarO0aCbjibp6wSeaw52DSE9tDyKJ7S+Qdyw/XsMrKn4t8kF6f/YOba+9O4MJfW9w==",
      "dev": true
    },
    "node_modules/@tsndr/cloudflare-worker-jwt": {
      "version": "2.5.3",
      "resolved": "https://registry.npmjs.org/@tsndr/cloudflare-worker-jwt/-/cloudflare-worker-jwt-2.5.3.tgz",
      "integrity": "sha512-zbdvjRG86y/ObiBgTJrzBC39t2FcaeGwB6AV7VO4LvHKJNyZvLYRbKT68eaoJhnJldyHhs7yZ69neRVdUd9knA=="
    },
    "node_modules/crypto-id": {
      "version": "0.2.3",
      "resolved": "https://registry.npmjs.org/crypto-id/-/crypto-id-0.2.3.tgz",
      "integrity": "sha512-8OAtN6XHLu6oq1a14/Xm8vnySZQWWP4eiYXvUBzFsrm5V/Bm/OTsZwakpFAgfTvKr9rd2OOufpYPHWYenlcCvg=="
    },
    "node_modules/typescript": {
      "version": "5.4.5",
      "resolved": "https://registry.npmjs.org/typescript/-/typescript-5.4.5.tgz",
      "integrity": "sha512-vcI4UpRgg81oIRUFwR0WSIHKt11nJ7SAVlYNIu+QpqeyXP+gpQJy/Z4+F0aGxSE4MqwjyXvW/TzgkLAx2AGHwQ==",
      "dev": true,
      "bin": {
        "tsc": "bin/tsc",
        "tsserver": "bin/tsserver"
      },
      "engines": {
        "node": ">=14.17"
      }
    }
  },
  "dependencies": {
    "@cloudflare/workers-types": {
      "version": "4.20240512.0",
      "resolved": "https://registry.npmjs.org/@cloudflare/workers-types/-/workers-types-4.20240512.0.tgz",
      "integrity": "sha512-o2yTEWg+YK/I1t/Me+dA0oarO0aCbjibp6wSeaw52DSE9tDyKJ7S+Qdyw/XsMrKn4t8kF6f/YOba+9O4MJfW9w==",
      "dev": true
    },
    "@tsndr/cloudflare-worker-jwt": {
      "version": "2.5.3",
      "resolved": "https://registry.npmjs.org/@tsndr/cloudflare-worker-jwt/-/cloudflare-worker-jwt-2.5.3.tgz",
      "integrity": "sha512-zbdvjRG86y/ObiBgTJrzBC39t2FcaeGwB6AV7VO4LvHKJNyZvLYRbKT68eaoJhnJldyHhs7yZ69neRVdUd9knA=="
    },
    "crypto-id": {
      "version": "0.2.3",
      "resolved": "https://registry.npmjs.org/crypto-id/-/crypto-id-0.2.3.tgz",
      "integrity": "sha512-8OAtN6XHLu6oq1a14/Xm8vnySZQWWP4eiYXvUBzFsrm5V/Bm/OTsZwakpFAgfTvKr9rd2OOufpYPHWYenlcCvg=="
    },
    "typescript": {
      "version": "5.4.5",
      "resolved": "https://registry.npmjs.org/typescript/-/typescript-5.4.5.tgz",
      "integrity": "sha512-vcI4UpRgg81oIRUFwR0WSIHKt11nJ7SAVlYNIu+QpqeyXP+gpQJy/Z4+F0aGxSE4MqwjyXvW/TzgkLAx2AGHwQ==",
      "dev": true
    }
  }
}
