{
  "name": "workers-firebase",
  "version": "0.2.1",
  "lockfileVersion": 2,
  "requires": true,
  "packages": {
    "": {
      "name": "workers-firebase",
      "version": "0.2.1",
      "dependencies": {
        "@tsndr/cloudflare-worker-jwt": "^3.2.0",
        "crypto-id": "^0.3.0"
      },
      "devDependencies": {
        "@cloudflare/workers-types": "^4.20251014.0",
        "typescript": "^5.9.3"
      }
    },
    "node_modules/@cloudflare/workers-types": {
      "version": "4.20251014.0",
      "resolved": "https://registry.npmjs.org/@cloudflare/workers-types/-/workers-types-4.20251014.0.tgz",
      "integrity": "sha512-tEW98J/kOa0TdylIUOrLKRdwkUw0rvvYVlo+Ce0mqRH3c8kSoxLzUH9gfCvwLe0M89z1RkzFovSKAW2Nwtyn3w==",
      "dev": true,
      "license": "MIT OR Apache-2.0"
    },
    "node_modules/@tsndr/cloudflare-worker-jwt": {
      "version": "3.2.0",
      "resolved": "https://registry.npmjs.org/@tsndr/cloudflare-worker-jwt/-/cloudflare-worker-jwt-3.2.0.tgz",
      "integrity": "sha512-y45452JzKxFDfCUHNGrdgIcrJTkYa6xtrKtCQTjKj+hjzw8dOHF9R0uGuU8WxvCCMi4sMzZ1KREnZTsTy7DsiQ==",
      "license": "MIT"
    },
    "node_modules/crypto-id": {
      "version": "0.3.0",
      "resolved": "https://registry.npmjs.org/crypto-id/-/crypto-id-0.3.0.tgz",
      "integrity": "sha512-a3Wjm3IdLuJEwKEVJWVy4s6+M8yRvdxEB2mohCWij6Z+4VMcEGeMJbXaahDLUO+jzUeN6ZYdyGWdypivjH8jZw==",
      "license": "MIT"
    },
    "node_modules/typescript": {
      "version": "5.9.3",
      "resolved": "https://registry.npmjs.org/typescript/-/typescript-5.9.3.tgz",
      "integrity": "sha512-jl1vZzPDinLr9eUt3J/t7V6FgNEw9QjvBPdysz9KfQDD41fQrC2Y4vKQdiaUpFT4bXlb1RHhLpp8wtm6M5TgSw==",
      "dev": true,
      "license": "Apache-2.0",
      "bin": {
        "tsc": "bin/tsc",
        "tsserver": "bin/tsserver"
      },
      "engines": {
        "node": ">=14.17"
      }
    }
  },
  "dependencies": {
    "@cloudflare/workers-types": {
      "version": "4.20251014.0",
      "resolved": "https://registry.npmjs.org/@cloudflare/workers-types/-/workers-types-4.20251014.0.tgz",
      "integrity": "sha512-tEW98J/kOa0TdylIUOrLKRdwkUw0rvvYVlo+Ce0mqRH3c8kSoxLzUH9gfCvwLe0M89z1RkzFovSKAW2Nwtyn3w==",
      "dev": true
    },
    "@tsndr/cloudflare-worker-jwt": {
      "version": "3.2.0",
      "resolved": "https://registry.npmjs.org/@tsndr/cloudflare-worker-jwt/-/cloudflare-worker-jwt-3.2.0.tgz",
      "integrity": "sha512-y45452JzKxFDfCUHNGrdgIcrJTkYa6xtrKtCQTjKj+hjzw8dOHF9R0uGuU8WxvCCMi4sMzZ1KREnZTsTy7DsiQ=="
    },
    "crypto-id": {
      "version": "0.3.0",
      "resolved": "https://registry.npmjs.org/crypto-id/-/crypto-id-0.3.0.tgz",
      "integrity": "sha512-a3Wjm3IdLuJEwKEVJWVy4s6+M8yRvdxEB2mohCWij6Z+4VMcEGeMJbXaahDLUO+jzUeN6ZYdyGWdypivjH8jZw=="
    },
    "typescript": {
      "version": "5.9.3",
      "resolved": "https://registry.npmjs.org/typescript/-/typescript-5.9.3.tgz",
      "integrity": "sha512-jl1vZzPDinLr9eUt3J/t7V6FgNEw9QjvBPdysz9KfQDD41fQrC2Y4vKQdiaUpFT4bXlb1RHhLpp8wtm6M5TgSw==",
      "dev": true
    }
  }
}
